{
  "version": 4,
  "terraform_version": "1.7.0",
  "serial": 44,
  "lineage": "ea1cb2d0-b279-35f3-9920-bf8cc6dc5d1d",
  "outputs": {
    "account_id": {
      "value": "905418065148",
      "type": "string"
    },
    "alb_url": {
      "value": "desafio-2013823905.us-east-1.elb.amazonaws.com",
      "type": "string"
    },
    "ecr_image_latest": {
      "value": "905418065148.dkr.ecr.us-east-1.amazonaws.com/desafio-devops:latest",
      "type": "string"
    },
    "ecr_image_version": {
      "value": "905418065148.dkr.ecr.us-east-1.amazonaws.com/desafio-devops:20",
      "type": "string"
    },
    "ecr_repo_arn": {
      "value": "arn:aws:ecr:us-east-1:905418065148:repository/desafio-devops",
      "type": "string"
    },
    "ecr_repo_name": {
      "value": "desafio-devops",
      "type": "string"
    },
    "ecs_cluster_arn": {
      "value": "arn:aws:ecs:us-east-1:905418065148:cluster/desafio",
      "type": "string"
    },
    "ecs_cluster_name": {
      "value": "desafio",
      "type": "string"
    },
    "repo_url": {
      "value": "905418065148.dkr.ecr.us-east-1.amazonaws.com/desafio-devops",
      "type": "string"
    }
  },
  "resources": [
    {
      "mode": "data",
      "type": "aws_caller_identity",
      "name": "current",
      "provider": "provider[\"registry.terraform.io/hashicorp/aws\"]",
      "instances": [
        {
          "schema_version": 0,
          "attributes": {
            "account_id": "905418065148",
            "arn": "arn:aws:iam::905418065148:user/jenkins",
            "id": "905418065148",
            "user_id": "AIDA5FTY7IT6BAQEHEWKS"
          },
          "sensitive_attributes": []
        }
      ]
    },
    {
      "mode": "data",
      "type": "aws_iam_policy_document",
      "name": "ecs_node_doc",
      "provider": "provider[\"registry.terraform.io/hashicorp/aws\"]",
      "instances": [
        {
          "schema_version": 0,
          "attributes": {
            "id": "2851119427",
            "json": "{\n  \"Version\": \"2012-10-17\",\n  \"Statement\": [\n    {\n      \"Effect\": \"Allow\",\n      \"Action\": \"sts:AssumeRole\",\n      \"Principal\": {\n        \"Service\": \"ec2.amazonaws.com\"\n      }\n    }\n  ]\n}",
            "override_policy_documents": null,
            "policy_id": null,
            "source_policy_documents": null,
            "statement": [
              {
                "actions": [
                  "sts:AssumeRole"
                ],
                "condition": [],
                "effect": "Allow",
                "not_actions": [],
                "not_principals": [],
                "not_resources": [],
                "principals": [
                  {
                    "identifiers": [
                      "ec2.amazonaws.com"
                    ],
                    "type": "Service"
                  }
                ],
                "resources": [],
                "sid": ""
              }
            ],
            "version": "2012-10-17"
          },
          "sensitive_attributes": []
        }
      ]
    },
    {
      "mode": "data",
      "type": "aws_iam_policy_document",
      "name": "ecs_task_doc",
      "provider": "provider[\"registry.terraform.io/hashicorp/aws\"]",
      "instances": [
        {
          "schema_version": 0,
          "attributes": {
            "id": "1077804475",
            "json": "{\n  \"Version\": \"2012-10-17\",\n  \"Statement\": [\n    {\n      \"Effect\": \"Allow\",\n      \"Action\": \"sts:AssumeRole\",\n      \"Principal\": {\n        \"Service\": \"ecs-tasks.amazonaws.com\"\n      }\n    }\n  ]\n}",
            "override_policy_documents": null,
            "policy_id": null,
            "source_policy_documents": null,
            "statement": [
              {
                "actions": [
                  "sts:AssumeRole"
                ],
                "condition": [],
                "effect": "Allow",
                "not_actions": [],
                "not_principals": [],
                "not_resources": [],
                "principals": [
                  {
                    "identifiers": [
                      "ecs-tasks.amazonaws.com"
                    ],
                    "type": "Service"
                  }
                ],
                "resources": [],
                "sid": ""
              }
            ],
            "version": "2012-10-17"
          },
          "sensitive_attributes": []
        }
      ]
    },
    {
      "mode": "data",
      "type": "aws_ssm_parameter",
      "name": "ecs_node_ami",
      "provider": "provider[\"registry.terraform.io/hashicorp/aws\"]",
      "instances": [
        {
          "schema_version": 0,
          "attributes": {
            "arn": "arn:aws:ssm:us-east-1::parameter/aws/service/ecs/optimized-ami/amazon-linux-2/recommended/image_id",
            "id": "/aws/service/ecs/optimized-ami/amazon-linux-2/recommended/image_id",
            "insecure_value": "ami-0b789cb897e3bc975",
            "name": "/aws/service/ecs/optimized-ami/amazon-linux-2/recommended/image_id",
            "type": "String",
            "value": "ami-0b789cb897e3bc975",
            "version": 130,
            "with_decryption": true
          },
          "sensitive_attributes": []
        }
      ]
    },
    {
      "mode": "managed",
      "type": "aws_acm_certificate",
      "name": "desafio",
      "provider": "provider[\"registry.terraform.io/hashicorp/aws\"]",
      "instances": [
        {
          "schema_version": 0,
          "attributes": {
            "arn": "arn:aws:acm:us-east-1:905418065148:certificate/301ec700-c911-4316-9389-6d8f5b80496e",
            "certificate_authority_arn": "",
            "certificate_body": null,
            "certificate_chain": null,
            "domain_name": "mikek8s.win",
            "domain_validation_options": [
              {
                "domain_name": "*.mikek8s.win",
                "resource_record_name": "_493227db62be57b1aeb4bd94dec41519.mikek8s.win.",
                "resource_record_type": "CNAME",
                "resource_record_value": "_52de6f9c619180a698b19c8a22a18b61.mhbtsbpdnt.acm-validations.aws."
              },
              {
                "domain_name": "mikek8s.win",
                "resource_record_name": "_493227db62be57b1aeb4bd94dec41519.mikek8s.win.",
                "resource_record_type": "CNAME",
                "resource_record_value": "_52de6f9c619180a698b19c8a22a18b61.mhbtsbpdnt.acm-validations.aws."
              }
            ],
            "early_renewal_duration": "",
            "id": "arn:aws:acm:us-east-1:905418065148:certificate/301ec700-c911-4316-9389-6d8f5b80496e",
            "key_algorithm": "RSA_2048",
            "not_after": "2025-02-24T23:59:59Z",
            "not_before": "2024-01-27T00:00:00Z",
            "options": [
              {
                "certificate_transparency_logging_preference": "ENABLED"
              }
            ],
            "pending_renewal": false,
            "private_key": null,
            "renewal_eligibility": "ELIGIBLE",
            "renewal_summary": [],
            "status": "ISSUED",
            "subject_alternative_names": [
              "*.mikek8s.win",
              "mikek8s.win"
            ],
            "tags": {},
            "tags_all": {},
            "type": "AMAZON_ISSUED",
            "validation_emails": [],
            "validation_method": "DNS",
            "validation_option": []
          },
          "sensitive_attributes": [],
          "private": "bnVsbA=="
        }
      ]
    },
    {
      "mode": "managed",
      "type": "aws_acm_certificate_validation",
      "name": "validate_crt_desafio",
      "provider": "provider[\"registry.terraform.io/hashicorp/aws\"]",
      "instances": [
        {
          "schema_version": 0,
          "attributes": {
            "certificate_arn": "arn:aws:acm:us-east-1:905418065148:certificate/301ec700-c911-4316-9389-6d8f5b80496e",
            "id": "2024-01-27 14:03:13.781 +0000 UTC",
            "timeouts": null,
            "validation_record_fqdns": [
              "_493227db62be57b1aeb4bd94dec41519.mikek8s.win"
            ]
          },
          "sensitive_attributes": [],
          "private": "eyJlMmJmYjczMC1lY2FhLTExZTYtOGY4OC0zNDM2M2JjN2M0YzAiOnsiY3JlYXRlIjo0NTAwMDAwMDAwMDAwfX0=",
          "dependencies": [
            "aws_acm_certificate.desafio",
            "aws_route53_record.record_crt_validation",
            "aws_route53_zone.desafio"
          ]
        }
      ]
    },
    {
      "mode": "managed",
      "type": "aws_alb",
      "name": "desafio",
      "provider": "provider[\"registry.terraform.io/hashicorp/aws\"]",
      "instances": [
        {
          "schema_version": 0,
          "attributes": {
            "access_logs": [
              {
                "bucket": "",
                "enabled": false,
                "prefix": ""
              }
            ],
            "arn": "arn:aws:elasticloadbalancing:us-east-1:905418065148:loadbalancer/app/desafio/b65010e098f4fa68",
            "arn_suffix": "app/desafio/b65010e098f4fa68",
            "connection_logs": [
              {
                "bucket": "",
                "enabled": false,
                "prefix": ""
              }
            ],
            "customer_owned_ipv4_pool": "",
            "desync_mitigation_mode": "defensive",
            "dns_name": "desafio-2013823905.us-east-1.elb.amazonaws.com",
            "dns_record_client_routing_policy": null,
            "drop_invalid_header_fields": false,
            "enable_cross_zone_load_balancing": true,
            "enable_deletion_protection": false,
            "enable_http2": true,
            "enable_tls_version_and_cipher_suite_headers": false,
            "enable_waf_fail_open": false,
            "enable_xff_client_port": false,
            "enforce_security_group_inbound_rules_on_private_link_traffic": "",
            "id": "arn:aws:elasticloadbalancing:us-east-1:905418065148:loadbalancer/app/desafio/b65010e098f4fa68",
            "idle_timeout": 60,
            "internal": false,
            "ip_address_type": "ipv4",
            "load_balancer_type": "application",
            "name": "desafio",
            "name_prefix": "",
            "preserve_host_header": false,
            "security_groups": [
              "sg-048c0ae0b88b15397"
            ],
            "subnet_mapping": [
              {
                "allocation_id": "",
                "ipv6_address": "",
                "outpost_id": "",
                "private_ipv4_address": "",
                "subnet_id": "subnet-01b79ef1833f31ee9"
              },
              {
                "allocation_id": "",
                "ipv6_address": "",
                "outpost_id": "",
                "private_ipv4_address": "",
                "subnet_id": "subnet-085bf66dc9d600a79"
              }
            ],
            "subnets": [
              "subnet-01b79ef1833f31ee9",
              "subnet-085bf66dc9d600a79"
            ],
            "tags": {
              "Name": "desafio"
            },
            "tags_all": {
              "Name": "desafio"
            },
            "timeouts": null,
            "vpc_id": "vpc-002ae81f1c496f0ca",
            "xff_header_processing_mode": "append",
            "zone_id": "Z35SXDOTRQ7X7K"
          },
          "sensitive_attributes": [],
          "private": "eyJlMmJmYjczMC1lY2FhLTExZTYtOGY4OC0zNDM2M2JjN2M0YzAiOnsiY3JlYXRlIjo2MDAwMDAwMDAwMDAsImRlbGV0ZSI6NjAwMDAwMDAwMDAwLCJ1cGRhdGUiOjYwMDAwMDAwMDAwMH19",
          "dependencies": [
            "aws_security_group.alb_desafio",
            "aws_subnet.pub_desafio_a",
            "aws_subnet.pub_desafio_b",
            "aws_vpc.desafio"
          ]
        }
      ]
    },
    {
      "mode": "managed",
      "type": "aws_alb_listener",
      "name": "alb_listener_desafio",
      "provider": "provider[\"registry.terraform.io/hashicorp/aws\"]",
      "instances": [
        {
          "schema_version": 0,
          "attributes": {
            "alpn_policy": null,
            "arn": "arn:aws:elasticloadbalancing:us-east-1:905418065148:listener/app/desafio/b65010e098f4fa68/1e8448d4fc73053e",
            "certificate_arn": "arn:aws:acm:us-east-1:905418065148:certificate/301ec700-c911-4316-9389-6d8f5b80496e",
            "default_action": [
              {
                "authenticate_cognito": [],
                "authenticate_oidc": [],
                "fixed_response": [],
                "forward": [],
                "order": 1,
                "redirect": [],
                "target_group_arn": "arn:aws:elasticloadbalancing:us-east-1:905418065148:targetgroup/desafio/1a201551c132a512",
                "type": "forward"
              }
            ],
            "id": "arn:aws:elasticloadbalancing:us-east-1:905418065148:listener/app/desafio/b65010e098f4fa68/1e8448d4fc73053e",
            "load_balancer_arn": "arn:aws:elasticloadbalancing:us-east-1:905418065148:loadbalancer/app/desafio/b65010e098f4fa68",
            "mutual_authentication": [
              {
                "ignore_client_certificate_expiry": false,
                "mode": "off",
                "trust_store_arn": ""
              }
            ],
            "port": 443,
            "protocol": "HTTPS",
            "ssl_policy": "ELBSecurityPolicy-TLS-1-2-Ext-2018-06",
            "tags": {},
            "tags_all": {},
            "timeouts": null
          },
          "sensitive_attributes": [],
          "private": "eyJlMmJmYjczMC1lY2FhLTExZTYtOGY4OC0zNDM2M2JjN2M0YzAiOnsiY3JlYXRlIjozMDAwMDAwMDAwMDAsInVwZGF0ZSI6MzAwMDAwMDAwMDAwfX0=",
          "dependencies": [
            "aws_acm_certificate.desafio",
            "aws_acm_certificate_validation.validate_crt_desafio",
            "aws_alb.desafio",
            "aws_alb_target_group.tg_desafio",
            "aws_route53_record.record_crt_validation",
            "aws_route53_zone.desafio",
            "aws_security_group.alb_desafio",
            "aws_subnet.pub_desafio_a",
            "aws_subnet.pub_desafio_b",
            "aws_vpc.desafio"
          ]
        }
      ]
    },
    {
      "mode": "managed",
      "type": "aws_alb_target_group",
      "name": "tg_desafio",
      "provider": "provider[\"registry.terraform.io/hashicorp/aws\"]",
      "instances": [
        {
          "schema_version": 0,
          "attributes": {
            "arn": "arn:aws:elasticloadbalancing:us-east-1:905418065148:targetgroup/desafio/1a201551c132a512",
            "arn_suffix": "targetgroup/desafio/1a201551c132a512",
            "connection_termination": null,
            "deregistration_delay": "300",
            "health_check": [
              {
                "enabled": true,
                "healthy_threshold": 2,
                "interval": 10,
                "matcher": "200",
                "path": "/actuator/health",
                "port": "8080",
                "protocol": "HTTP",
                "timeout": 8,
                "unhealthy_threshold": 3
              }
            ],
            "id": "arn:aws:elasticloadbalancing:us-east-1:905418065148:targetgroup/desafio/1a201551c132a512",
            "ip_address_type": "ipv4",
            "lambda_multi_value_headers_enabled": false,
            "load_balancing_algorithm_type": "round_robin",
            "load_balancing_anomaly_mitigation": "off",
            "load_balancing_cross_zone_enabled": "use_load_balancer_configuration",
            "name": "desafio",
            "name_prefix": "",
            "port": 8080,
            "preserve_client_ip": null,
            "protocol": "HTTP",
            "protocol_version": "HTTP1",
            "proxy_protocol_v2": false,
            "slow_start": 0,
            "stickiness": [
              {
                "cookie_duration": 86400,
                "cookie_name": "",
                "enabled": false,
                "type": "lb_cookie"
              }
            ],
            "tags": {},
            "tags_all": {},
            "target_failover": [
              {
                "on_deregistration": null,
                "on_unhealthy": null
              }
            ],
            "target_health_state": [
              {
                "enable_unhealthy_connection_termination": null
              }
            ],
            "target_type": "ip",
            "vpc_id": "vpc-002ae81f1c496f0ca"
          },
          "sensitive_attributes": [],
          "private": "bnVsbA==",
          "dependencies": [
            "aws_alb.desafio",
            "aws_security_group.alb_desafio",
            "aws_subnet.pub_desafio_a",
            "aws_subnet.pub_desafio_b",
            "aws_vpc.desafio"
          ]
        }
      ]
    },
    {
      "mode": "managed",
      "type": "aws_appautoscaling_policy",
      "name": "memory_desafio",
      "provider": "provider[\"registry.terraform.io/hashicorp/aws\"]",
      "instances": [
        {
          "schema_version": 0,
          "attributes": {
            "alarm_arns": [
              "arn:aws:cloudwatch:us-east-1:905418065148:alarm:TargetTracking-service/desafio/desafio-AlarmHigh-dd4518ea-0272-4d5b-9699-502e7b917ba9",
              "arn:aws:cloudwatch:us-east-1:905418065148:alarm:TargetTracking-service/desafio/desafio-AlarmLow-d30f19a9-d9ad-4967-b07c-59b21ee512ff"
            ],
            "arn": "arn:aws:autoscaling:us-east-1:905418065148:scalingPolicy:97e6d3ae-1627-4234-ad49-2e5a0dc0372e:resource/ecs/service/desafio/desafio:policyName/memory_desafio",
            "id": "memory_desafio",
            "name": "memory_desafio",
            "policy_type": "TargetTrackingScaling",
            "resource_id": "service/desafio/desafio",
            "scalable_dimension": "ecs:service:DesiredCount",
            "service_namespace": "ecs",
            "step_scaling_policy_configuration": [],
            "target_tracking_scaling_policy_configuration": [
              {
                "customized_metric_specification": [],
                "disable_scale_in": false,
                "predefined_metric_specification": [
                  {
                    "predefined_metric_type": "ECSServiceAverageMemoryUtilization",
                    "resource_label": ""
                  }
                ],
                "scale_in_cooldown": 300,
                "scale_out_cooldown": 300,
                "target_value": 80
              }
            ]
          },
          "sensitive_attributes": [],
          "private": "bnVsbA==",
          "dependencies": [
            "aws_alb.desafio",
            "aws_alb_target_group.tg_desafio",
            "aws_appautoscaling_target.desafio",
            "aws_autoscaling_group.desafio",
            "aws_cloudwatch_log_group.desafio",
            "aws_ecr_repository.desafio",
            "aws_ecs_capacity_provider.desafio",
            "aws_ecs_cluster.desafio",
            "aws_ecs_service.desafio",
            "aws_ecs_task_definition.desafio",
            "aws_iam_instance_profile.ecs_node_profile_desafio",
            "aws_iam_role.ecs_exec_role_desafio",
            "aws_iam_role.ecs_node_role_desafio",
            "aws_iam_role.ecs_task_role_desafio",
            "aws_key_pair.desafio",
            "aws_launch_template.desafio",
            "aws_security_group.alb_desafio",
            "aws_security_group.ecs_node_desafio",
            "aws_security_group.ecs_task_desafio",
            "aws_subnet.pub_desafio_a",
            "aws_subnet.pub_desafio_b",
            "aws_vpc.desafio",
            "data.aws_iam_policy_document.ecs_node_doc",
            "data.aws_iam_policy_document.ecs_task_doc",
            "data.aws_ssm_parameter.ecs_node_ami"
          ]
        }
      ]
    },
    {
      "mode": "managed",
      "type": "aws_appautoscaling_target",
      "name": "desafio",
      "provider": "provider[\"registry.terraform.io/hashicorp/aws\"]",
      "instances": [
        {
          "schema_version": 0,
          "attributes": {
            "arn": "arn:aws:application-autoscaling:us-east-1:905418065148:scalable-target/0ec597e6d3ae16274234ad492e5a0dc0372e",
            "id": "service/desafio/desafio",
            "max_capacity": 10,
            "min_capacity": 2,
            "resource_id": "service/desafio/desafio",
            "role_arn": "arn:aws:iam::905418065148:role/aws-service-role/ecs.application-autoscaling.amazonaws.com/AWSServiceRoleForApplicationAutoScaling_ECSService",
            "scalable_dimension": "ecs:service:DesiredCount",
            "service_namespace": "ecs",
            "tags": null,
            "tags_all": {}
          },
          "sensitive_attributes": [],
          "private": "bnVsbA==",
          "dependencies": [
            "aws_alb.desafio",
            "aws_alb_target_group.tg_desafio",
            "aws_autoscaling_group.desafio",
            "aws_cloudwatch_log_group.desafio",
            "aws_ecr_repository.desafio",
            "aws_ecs_capacity_provider.desafio",
            "aws_ecs_cluster.desafio",
            "aws_ecs_service.desafio",
            "aws_ecs_task_definition.desafio",
            "aws_iam_instance_profile.ecs_node_profile_desafio",
            "aws_iam_role.ecs_exec_role_desafio",
            "aws_iam_role.ecs_node_role_desafio",
            "aws_iam_role.ecs_task_role_desafio",
            "aws_key_pair.desafio",
            "aws_launch_template.desafio",
            "aws_security_group.alb_desafio",
            "aws_security_group.ecs_node_desafio",
            "aws_security_group.ecs_task_desafio",
            "aws_subnet.pub_desafio_a",
            "aws_subnet.pub_desafio_b",
            "aws_vpc.desafio",
            "data.aws_iam_policy_document.ecs_node_doc",
            "data.aws_iam_policy_document.ecs_task_doc",
            "data.aws_ssm_parameter.ecs_node_ami"
          ]
        }
      ]
    },
    {
      "mode": "managed",
      "type": "aws_autoscaling_group",
      "name": "desafio",
      "provider": "provider[\"registry.terraform.io/hashicorp/aws\"]",
      "instances": [
        {
          "schema_version": 1,
          "attributes": {
            "arn": "arn:aws:autoscaling:us-east-1:905418065148:autoScalingGroup:1d9b634e-f891-43ea-9b4b-e1f25dd4ae38:autoScalingGroupName/terraform-20240127141505448800000003",
            "availability_zones": [
              "us-east-1a",
              "us-east-1b"
            ],
            "capacity_rebalance": false,
            "context": "",
            "default_cooldown": 300,
            "default_instance_warmup": 0,
            "desired_capacity": 2,
            "desired_capacity_type": "",
            "enabled_metrics": null,
            "force_delete": false,
            "force_delete_warm_pool": false,
            "health_check_grace_period": 0,
            "health_check_type": "EC2",
            "id": "terraform-20240127141505448800000003",
            "ignore_failed_scaling_activities": false,
            "initial_lifecycle_hook": [],
            "instance_maintenance_policy": [],
            "instance_refresh": [
              {
                "preferences": [],
                "strategy": "Rolling",
                "triggers": null
              }
            ],
            "launch_configuration": "",
            "launch_template": [
              {
                "id": "lt-0dd60fe1ad10dd5d9",
                "name": "template_desafio20240127141504125200000001",
                "version": "$Latest"
              }
            ],
            "load_balancers": [],
            "max_instance_lifetime": 0,
            "max_size": 10,
            "metrics_granularity": "1Minute",
            "min_elb_capacity": null,
            "min_size": 2,
            "mixed_instances_policy": [],
            "name": "terraform-20240127141505448800000003",
            "name_prefix": "terraform-",
            "placement_group": "",
            "predicted_capacity": 0,
            "protect_from_scale_in": true,
            "service_linked_role_arn": "arn:aws:iam::905418065148:role/aws-service-role/autoscaling.amazonaws.com/AWSServiceRoleForAutoScaling",
            "suspended_processes": null,
            "tag": [
              {
                "key": "AmazonECSManaged",
                "propagate_at_launch": true,
                "value": "true"
              },
              {
                "key": "Name",
                "propagate_at_launch": true,
                "value": "ecs_desafio"
              }
            ],
            "target_group_arns": [],
            "termination_policies": null,
            "timeouts": null,
            "traffic_source": [],
            "vpc_zone_identifier": [
              "subnet-01b79ef1833f31ee9",
              "subnet-085bf66dc9d600a79"
            ],
            "wait_for_capacity_timeout": "10m",
            "wait_for_elb_capacity": null,
            "warm_pool": [],
            "warm_pool_size": 0
          },
          "sensitive_attributes": [],
          "private": "eyJlMmJmYjczMC1lY2FhLTExZTYtOGY4OC0zNDM2M2JjN2M0YzAiOnsiZGVsZXRlIjo2MDAwMDAwMDAwMDAsInVwZGF0ZSI6NjAwMDAwMDAwMDAwfSwic2NoZW1hX3ZlcnNpb24iOiIxIn0=",
          "dependencies": [
            "aws_ecs_cluster.desafio",
            "aws_iam_instance_profile.ecs_node_profile_desafio",
            "aws_iam_role.ecs_node_role_desafio",
            "aws_key_pair.desafio",
            "aws_launch_template.desafio",
            "aws_security_group.ecs_node_desafio",
            "aws_subnet.pub_desafio_a",
            "aws_subnet.pub_desafio_b",
            "aws_vpc.desafio",
            "data.aws_iam_policy_document.ecs_node_doc",
            "data.aws_ssm_parameter.ecs_node_ami"
          ],
          "create_before_destroy": true
        }
      ]
    },
    {
      "mode": "managed",
      "type": "aws_cloudwatch_log_group",
      "name": "desafio",
      "provider": "provider[\"registry.terraform.io/hashicorp/aws\"]",
      "instances": [
        {
          "schema_version": 0,
          "attributes": {
            "arn": "arn:aws:logs:us-east-1:905418065148:log-group:/ecs/desafio-devops",
            "id": "/ecs/desafio-devops",
            "kms_key_id": "",
            "log_group_class": "STANDARD",
            "name": "/ecs/desafio-devops",
            "name_prefix": "",
            "retention_in_days": 14,
            "skip_destroy": false,
            "tags": {},
            "tags_all": {}
          },
          "sensitive_attributes": [],
          "private": "bnVsbA=="
        }
      ]
    },
    {
      "mode": "managed",
      "type": "aws_ecr_lifecycle_policy",
      "name": "desafio",
      "provider": "provider[\"registry.terraform.io/hashicorp/aws\"]",
      "instances": [
        {
          "schema_version": 0,
          "attributes": {
            "id": "desafio-devops",
            "policy": "{\"rules\":[{\"action\":{\"type\":\"expire\"},\"description\":\"Manter apenas ultimas 3 imagens não taggeadas\",\"rulePriority\":1,\"selection\":{\"countNumber\":3,\"countType\":\"imageCountMoreThan\",\"tagStatus\":\"untagged\"}}]}",
            "registry_id": "905418065148",
            "repository": "desafio-devops"
          },
          "sensitive_attributes": [],
          "private": "bnVsbA==",
          "dependencies": [
            "aws_ecr_repository.desafio"
          ]
        }
      ]
    },
    {
      "mode": "managed",
      "type": "aws_ecr_repository",
      "name": "desafio",
      "provider": "provider[\"registry.terraform.io/hashicorp/aws\"]",
      "instances": [
        {
          "schema_version": 0,
          "attributes": {
            "arn": "arn:aws:ecr:us-east-1:905418065148:repository/desafio-devops",
            "encryption_configuration": [
              {
                "encryption_type": "AES256",
                "kms_key": ""
              }
            ],
            "force_delete": true,
            "id": "desafio-devops",
            "image_scanning_configuration": [
              {
                "scan_on_push": true
              }
            ],
            "image_tag_mutability": "MUTABLE",
            "name": "desafio-devops",
            "registry_id": "905418065148",
            "repository_url": "905418065148.dkr.ecr.us-east-1.amazonaws.com/desafio-devops",
            "tags": {
              "Name": "desafio-devops"
            },
            "tags_all": {
              "Name": "desafio-devops"
            },
            "timeouts": null
          },
          "sensitive_attributes": [],
          "private": "eyJlMmJmYjczMC1lY2FhLTExZTYtOGY4OC0zNDM2M2JjN2M0YzAiOnsiZGVsZXRlIjoxMjAwMDAwMDAwMDAwfX0="
        }
      ]
    },
    {
      "mode": "managed",
      "type": "aws_ecs_capacity_provider",
      "name": "desafio",
      "provider": "provider[\"registry.terraform.io/hashicorp/aws\"]",
      "instances": [
        {
          "schema_version": 0,
          "attributes": {
            "arn": "arn:aws:ecs:us-east-1:905418065148:capacity-provider/desafio",
            "auto_scaling_group_provider": [
              {
                "auto_scaling_group_arn": "arn:aws:autoscaling:us-east-1:905418065148:autoScalingGroup:1d9b634e-f891-43ea-9b4b-e1f25dd4ae38:autoScalingGroupName/terraform-20240127141505448800000003",
                "managed_draining": "ENABLED",
                "managed_scaling": [
                  {
                    "instance_warmup_period": 0,
                    "maximum_scaling_step_size": 2,
                    "minimum_scaling_step_size": 1,
                    "status": "ENABLED",
                    "target_capacity": 100
                  }
                ],
                "managed_termination_protection": "ENABLED"
              }
            ],
            "id": "arn:aws:ecs:us-east-1:905418065148:capacity-provider/desafio",
            "name": "desafio",
            "tags": null,
            "tags_all": {}
          },
          "sensitive_attributes": [],
          "private": "bnVsbA==",
          "dependencies": [
            "aws_autoscaling_group.desafio",
            "aws_ecs_cluster.desafio",
            "aws_iam_instance_profile.ecs_node_profile_desafio",
            "aws_iam_role.ecs_node_role_desafio",
            "aws_key_pair.desafio",
            "aws_launch_template.desafio",
            "aws_security_group.ecs_node_desafio",
            "aws_subnet.pub_desafio_a",
            "aws_subnet.pub_desafio_b",
            "aws_vpc.desafio",
            "data.aws_iam_policy_document.ecs_node_doc",
            "data.aws_ssm_parameter.ecs_node_ami"
          ]
        }
      ]
    },
    {
      "mode": "managed",
      "type": "aws_ecs_cluster",
      "name": "desafio",
      "provider": "provider[\"registry.terraform.io/hashicorp/aws\"]",
      "instances": [
        {
          "schema_version": 0,
          "attributes": {
            "arn": "arn:aws:ecs:us-east-1:905418065148:cluster/desafio",
            "configuration": [],
            "id": "arn:aws:ecs:us-east-1:905418065148:cluster/desafio",
            "name": "desafio",
            "service_connect_defaults": [],
            "setting": [
              {
                "name": "containerInsights",
                "value": "disabled"
              }
            ],
            "tags": {
              "Name": "desafio"
            },
            "tags_all": {
              "Name": "desafio"
            }
          },
          "sensitive_attributes": [],
          "private": "bnVsbA==",
          "create_before_destroy": true
        }
      ]
    },
    {
      "mode": "managed",
      "type": "aws_ecs_cluster_capacity_providers",
      "name": "desafio",
      "provider": "provider[\"registry.terraform.io/hashicorp/aws\"]",
      "instances": [
        {
          "schema_version": 0,
          "attributes": {
            "capacity_providers": [
              "desafio"
            ],
            "cluster_name": "desafio",
            "default_capacity_provider_strategy": [
              {
                "base": 1,
                "capacity_provider": "desafio",
                "weight": 100
              }
            ],
            "id": "desafio"
          },
          "sensitive_attributes": [],
          "private": "bnVsbA==",
          "dependencies": [
            "aws_autoscaling_group.desafio",
            "aws_ecs_capacity_provider.desafio",
            "aws_ecs_cluster.desafio",
            "aws_iam_instance_profile.ecs_node_profile_desafio",
            "aws_iam_role.ecs_node_role_desafio",
            "aws_key_pair.desafio",
            "aws_launch_template.desafio",
            "aws_security_group.ecs_node_desafio",
            "aws_subnet.pub_desafio_a",
            "aws_subnet.pub_desafio_b",
            "aws_vpc.desafio",
            "data.aws_iam_policy_document.ecs_node_doc",
            "data.aws_ssm_parameter.ecs_node_ami"
          ]
        }
      ]
    },
    {
      "mode": "managed",
      "type": "aws_ecs_service",
      "name": "desafio",
      "provider": "provider[\"registry.terraform.io/hashicorp/aws\"]",
      "instances": [
        {
          "schema_version": 0,
          "attributes": {
            "alarms": [],
            "capacity_provider_strategy": [
              {
                "base": 1,
                "capacity_provider": "desafio",
                "weight": 100
              }
            ],
            "cluster": "arn:aws:ecs:us-east-1:905418065148:cluster/desafio",
            "deployment_circuit_breaker": [
              {
                "enable": false,
                "rollback": false
              }
            ],
            "deployment_controller": [
              {
                "type": "ECS"
              }
            ],
            "deployment_maximum_percent": 200,
            "deployment_minimum_healthy_percent": 100,
            "desired_count": 5,
            "enable_ecs_managed_tags": false,
            "enable_execute_command": false,
            "force_new_deployment": null,
            "health_check_grace_period_seconds": 0,
            "iam_role": "/aws-service-role/ecs.amazonaws.com/AWSServiceRoleForECS",
            "id": "arn:aws:ecs:us-east-1:905418065148:service/desafio/desafio",
            "launch_type": "",
            "load_balancer": [
              {
                "container_name": "desafio",
                "container_port": 8080,
                "elb_name": "",
                "target_group_arn": "arn:aws:elasticloadbalancing:us-east-1:905418065148:targetgroup/desafio/1a201551c132a512"
              }
            ],
            "name": "desafio",
            "network_configuration": [
              {
                "assign_public_ip": false,
                "security_groups": [
                  "sg-070b5f755806eef98"
                ],
                "subnets": [
                  "subnet-01b79ef1833f31ee9",
                  "subnet-085bf66dc9d600a79"
                ]
              }
            ],
            "ordered_placement_strategy": [
              {
                "field": "memory",
                "type": "binpack"
              }
            ],
            "placement_constraints": [],
            "platform_version": "",
            "propagate_tags": "NONE",
            "scheduling_strategy": "REPLICA",
            "service_connect_configuration": [],
            "service_registries": [],
            "tags": null,
            "tags_all": {},
            "task_definition": "arn:aws:ecs:us-east-1:905418065148:task-definition/desafio-devops:5",
            "timeouts": null,
            "triggers": {},
            "wait_for_steady_state": false
          },
          "sensitive_attributes": [],
          "private": "eyJlMmJmYjczMC1lY2FhLTExZTYtOGY4OC0zNDM2M2JjN2M0YzAiOnsiY3JlYXRlIjoxMjAwMDAwMDAwMDAwLCJkZWxldGUiOjEyMDAwMDAwMDAwMDAsInVwZGF0ZSI6MTIwMDAwMDAwMDAwMH19",
          "dependencies": [
            "aws_alb.desafio",
            "aws_alb_target_group.tg_desafio",
            "aws_autoscaling_group.desafio",
            "aws_cloudwatch_log_group.desafio",
            "aws_ecr_repository.desafio",
            "aws_ecs_capacity_provider.desafio",
            "aws_ecs_cluster.desafio",
            "aws_ecs_task_definition.desafio",
            "aws_iam_instance_profile.ecs_node_profile_desafio",
            "aws_iam_role.ecs_exec_role_desafio",
            "aws_iam_role.ecs_node_role_desafio",
            "aws_iam_role.ecs_task_role_desafio",
            "aws_key_pair.desafio",
            "aws_launch_template.desafio",
            "aws_security_group.alb_desafio",
            "aws_security_group.ecs_node_desafio",
            "aws_security_group.ecs_task_desafio",
            "aws_subnet.pub_desafio_a",
            "aws_subnet.pub_desafio_b",
            "aws_vpc.desafio",
            "data.aws_iam_policy_document.ecs_node_doc",
            "data.aws_iam_policy_document.ecs_task_doc",
            "data.aws_ssm_parameter.ecs_node_ami"
          ]
        }
      ]
    },
    {
      "mode": "managed",
      "type": "aws_ecs_task_definition",
      "name": "desafio",
      "provider": "provider[\"registry.terraform.io/hashicorp/aws\"]",
      "instances": [
        {
          "schema_version": 1,
          "attributes": {
            "arn": "arn:aws:ecs:us-east-1:905418065148:task-definition/desafio-devops:5",
            "arn_without_revision": "arn:aws:ecs:us-east-1:905418065148:task-definition/desafio-devops",
            "container_definitions": "[{\"cpu\":0,\"environment\":[],\"essential\":true,\"image\":\"905418065148.dkr.ecr.us-east-1.amazonaws.com/desafio-devops:20\",\"logConfiguration\":{\"logDriver\":\"awslogs\",\"options\":{\"awslogs-group\":\"/ecs/desafio-devops\",\"awslogs-region\":\"us-east-1\",\"awslogs-stream-prefix\":\"desafio\"}},\"mountPoints\":[],\"name\":\"desafio\",\"portMappings\":[{\"containerPort\":8080,\"hostPort\":8080,\"protocol\":\"tcp\"}],\"volumesFrom\":[]}]",
            "cpu": "2048",
            "ephemeral_storage": [],
            "execution_role_arn": "arn:aws:iam::905418065148:role/ecs_exec_role_desafio",
            "family": "desafio-devops",
            "id": "desafio-devops",
            "inference_accelerator": [],
            "ipc_mode": "",
            "memory": "8192",
            "network_mode": "awsvpc",
            "pid_mode": "",
            "placement_constraints": [],
            "proxy_configuration": [],
            "requires_compatibilities": [],
            "revision": 5,
            "runtime_platform": [],
            "skip_destroy": false,
            "tags": {},
            "tags_all": {},
            "task_role_arn": "arn:aws:iam::905418065148:role/ecs_task_role_desafio",
            "volume": []
          },
          "sensitive_attributes": [],
          "private": "eyJzY2hlbWFfdmVyc2lvbiI6IjEifQ==",
          "dependencies": [
            "aws_cloudwatch_log_group.desafio",
            "aws_ecr_repository.desafio",
            "aws_iam_role.ecs_exec_role_desafio",
            "aws_iam_role.ecs_task_role_desafio",
            "data.aws_iam_policy_document.ecs_task_doc"
          ]
        }
      ]
    },
    {
      "mode": "managed",
      "type": "aws_iam_instance_profile",
      "name": "ecs_node_profile_desafio",
      "provider": "provider[\"registry.terraform.io/hashicorp/aws\"]",
      "instances": [
        {
          "schema_version": 0,
          "attributes": {
            "arn": "arn:aws:iam::905418065148:instance-profile/ecs/instance/ecs_node_profile_desafio",
            "create_date": "2024-01-27T14:15:09Z",
            "id": "ecs_node_profile_desafio",
            "name": "ecs_node_profile_desafio",
            "name_prefix": "",
            "path": "/ecs/instance/",
            "role": "ecs_node_role_desafio",
            "tags": null,
            "tags_all": {},
            "unique_id": "AIPA5FTY7IT6HXQULYNPA"
          },
          "sensitive_attributes": [],
          "private": "bnVsbA==",
          "dependencies": [
            "aws_iam_role.ecs_node_role_desafio",
            "data.aws_iam_policy_document.ecs_node_doc"
          ],
          "create_before_destroy": true
        }
      ]
    },
    {
      "mode": "managed",
      "type": "aws_iam_role",
      "name": "ecs_exec_role_desafio",
      "provider": "provider[\"registry.terraform.io/hashicorp/aws\"]",
      "instances": [
        {
          "schema_version": 0,
          "attributes": {
            "arn": "arn:aws:iam::905418065148:role/ecs_exec_role_desafio",
            "assume_role_policy": "{\"Statement\":[{\"Action\":\"sts:AssumeRole\",\"Effect\":\"Allow\",\"Principal\":{\"Service\":\"ecs-tasks.amazonaws.com\"}}],\"Version\":\"2012-10-17\"}",
            "create_date": "2024-01-27T14:03:03Z",
            "description": "",
            "force_detach_policies": false,
            "id": "ecs_exec_role_desafio",
            "inline_policy": [],
            "managed_policy_arns": [
              "arn:aws:iam::aws:policy/service-role/AmazonECSTaskExecutionRolePolicy"
            ],
            "max_session_duration": 3600,
            "name": "ecs_exec_role_desafio",
            "name_prefix": "",
            "path": "/",
            "permissions_boundary": "",
            "tags": {},
            "tags_all": {},
            "unique_id": "AROA5FTY7IT6FU3NTWL66"
          },
          "sensitive_attributes": [],
          "private": "bnVsbA==",
          "dependencies": [
            "data.aws_iam_policy_document.ecs_task_doc"
          ]
        }
      ]
    },
    {
      "mode": "managed",
      "type": "aws_iam_role",
      "name": "ecs_node_role_desafio",
      "provider": "provider[\"registry.terraform.io/hashicorp/aws\"]",
      "instances": [
        {
          "schema_version": 0,
          "attributes": {
            "arn": "arn:aws:iam::905418065148:role/ecs_node_role_desafio",
            "assume_role_policy": "{\"Statement\":[{\"Action\":\"sts:AssumeRole\",\"Effect\":\"Allow\",\"Principal\":{\"Service\":\"ec2.amazonaws.com\"}}],\"Version\":\"2012-10-17\"}",
            "create_date": "2024-01-27T14:03:03Z",
            "description": "",
            "force_detach_policies": false,
            "id": "ecs_node_role_desafio",
            "inline_policy": [],
            "managed_policy_arns": [
              "arn:aws:iam::aws:policy/service-role/AmazonEC2ContainerServiceforEC2Role"
            ],
            "max_session_duration": 3600,
            "name": "ecs_node_role_desafio",
            "name_prefix": "",
            "path": "/",
            "permissions_boundary": "",
            "tags": {},
            "tags_all": {},
            "unique_id": "AROA5FTY7IT6AUCXEI6ZL"
          },
          "sensitive_attributes": [],
          "private": "bnVsbA==",
          "dependencies": [
            "data.aws_iam_policy_document.ecs_node_doc"
          ],
          "create_before_destroy": true
        }
      ]
    },
    {
      "mode": "managed",
      "type": "aws_iam_role",
      "name": "ecs_task_role_desafio",
      "provider": "provider[\"registry.terraform.io/hashicorp/aws\"]",
      "instances": [
        {
          "schema_version": 0,
          "attributes": {
            "arn": "arn:aws:iam::905418065148:role/ecs_task_role_desafio",
            "assume_role_policy": "{\"Statement\":[{\"Action\":\"sts:AssumeRole\",\"Effect\":\"Allow\",\"Principal\":{\"Service\":\"ecs-tasks.amazonaws.com\"}}],\"Version\":\"2012-10-17\"}",
            "create_date": "2024-01-27T14:03:03Z",
            "description": "",
            "force_detach_policies": false,
            "id": "ecs_task_role_desafio",
            "inline_policy": [],
            "managed_policy_arns": [],
            "max_session_duration": 3600,
            "name": "ecs_task_role_desafio",
            "name_prefix": "",
            "path": "/",
            "permissions_boundary": "",
            "tags": {},
            "tags_all": {},
            "unique_id": "AROA5FTY7IT6N66P6BJLC"
          },
          "sensitive_attributes": [],
          "private": "bnVsbA==",
          "dependencies": [
            "data.aws_iam_policy_document.ecs_task_doc"
          ]
        }
      ]
    },
    {
      "mode": "managed",
      "type": "aws_iam_role_policy_attachment",
      "name": "ecs_exec_role_policy_desafio",
      "provider": "provider[\"registry.terraform.io/hashicorp/aws\"]",
      "instances": [
        {
          "schema_version": 0,
          "attributes": {
            "id": "ecs_exec_role_desafio-20240127140257677100000004",
            "policy_arn": "arn:aws:iam::aws:policy/service-role/AmazonECSTaskExecutionRolePolicy",
            "role": "ecs_exec_role_desafio"
          },
          "sensitive_attributes": [],
          "private": "bnVsbA==",
          "dependencies": [
            "aws_iam_role.ecs_exec_role_desafio",
            "data.aws_iam_policy_document.ecs_task_doc"
          ]
        }
      ]
    },
    {
      "mode": "managed",
      "type": "aws_iam_role_policy_attachment",
      "name": "ecs_node_role_policy_desafio",
      "provider": "provider[\"registry.terraform.io/hashicorp/aws\"]",
      "instances": [
        {
          "schema_version": 0,
          "attributes": {
            "id": "ecs_node_role_desafio-20240127140257665900000003",
            "policy_arn": "arn:aws:iam::aws:policy/service-role/AmazonEC2ContainerServiceforEC2Role",
            "role": "ecs_node_role_desafio"
          },
          "sensitive_attributes": [],
          "private": "bnVsbA==",
          "dependencies": [
            "aws_iam_role.ecs_node_role_desafio",
            "data.aws_iam_policy_document.ecs_node_doc"
          ]
        }
      ]
    },
    {
      "mode": "managed",
      "type": "aws_internet_gateway",
      "name": "desafio",
      "provider": "provider[\"registry.terraform.io/hashicorp/aws\"]",
      "instances": [
        {
          "schema_version": 0,
          "attributes": {
            "arn": "arn:aws:ec2:us-east-1:905418065148:internet-gateway/igw-045e0b7e2c6d7d613",
            "id": "igw-045e0b7e2c6d7d613",
            "owner_id": "905418065148",
            "tags": {
              "Name": "desafio"
            },
            "tags_all": {
              "Name": "desafio"
            },
            "timeouts": null,
            "vpc_id": "vpc-002ae81f1c496f0ca"
          },
          "sensitive_attributes": [],
          "private": "eyJlMmJmYjczMC1lY2FhLTExZTYtOGY4OC0zNDM2M2JjN2M0YzAiOnsiY3JlYXRlIjoxMjAwMDAwMDAwMDAwLCJkZWxldGUiOjEyMDAwMDAwMDAwMDAsInVwZGF0ZSI6MTIwMDAwMDAwMDAwMH19",
          "dependencies": [
            "aws_vpc.desafio"
          ]
        }
      ]
    },
    {
      "mode": "managed",
      "type": "aws_key_pair",
      "name": "desafio",
      "provider": "provider[\"registry.terraform.io/hashicorp/aws\"]",
      "instances": [
        {
          "schema_version": 1,
          "attributes": {
            "arn": "arn:aws:ec2:us-east-1:905418065148:key-pair/desafio",
            "fingerprint": "3d:4c:cd:b6:a5:92:bc:13:6d:40:a4:17:ff:d1:a0:c9",
            "id": "desafio",
            "key_name": "desafio",
            "key_name_prefix": "",
            "key_pair_id": "key-08d76d2bc29485dde",
            "key_type": "rsa",
            "public_key": "ssh-rsa AAAAB3NzaC1yc2EAAAADAQABAAABAQDhcZE9zasrHFCaV3ZdlDwOPwgWGwDzAZbg+67nH++T37r8ThKISpTWkxBBAgizC/TezoHHCVAfHt/8bJIYrJuiOi95+2zqn4TqDPfrWmrp3vA8mKq9XlITGG+eAwoGbLDsBwk1nVV+rsuVgaOyJ2kg+HagOI4XEGMgoxjj7wGxNrOnvDRTA48iB8yLOnL4CzQdi+2yW7C6jso27sRLhAbXhwNunPG8lSQQmFzY9IyjK24iQS9al6NkBw91rDtHT9bnARLB3W0KxBpicRi+0zxsoLs6m8inPZVXLi59RSrLKVRJMwRrw0FJ6wSrM4EddbRVSkyz6NmRagzwJTAMA92Z michael-marcos-grandeo-rsa-key-20220504",
            "tags": {},
            "tags_all": {}
          },
          "sensitive_attributes": [],
          "private": "eyJzY2hlbWFfdmVyc2lvbiI6IjEifQ==",
          "create_before_destroy": true
        }
      ]
    },
    {
      "mode": "managed",
      "type": "aws_launch_template",
      "name": "desafio",
      "provider": "provider[\"registry.terraform.io/hashicorp/aws\"]",
      "instances": [
        {
          "schema_version": 0,
          "attributes": {
            "arn": "arn:aws:ec2:us-east-1:905418065148:launch-template/lt-0dd60fe1ad10dd5d9",
            "block_device_mappings": [],
            "capacity_reservation_specification": [],
            "cpu_options": [],
            "credit_specification": [],
            "default_version": 1,
            "description": "",
            "disable_api_stop": false,
            "disable_api_termination": false,
            "ebs_optimized": "",
            "elastic_gpu_specifications": [],
            "elastic_inference_accelerator": [],
            "enclave_options": [],
            "hibernation_options": [],
            "iam_instance_profile": [
              {
                "arn": "arn:aws:iam::905418065148:instance-profile/ecs/instance/ecs_node_profile_desafio",
                "name": ""
              }
            ],
            "id": "lt-0dd60fe1ad10dd5d9",
            "image_id": "ami-0b789cb897e3bc975",
            "instance_initiated_shutdown_behavior": "",
            "instance_market_options": [],
            "instance_requirements": [],
            "instance_type": "t3.xlarge",
            "kernel_id": "",
            "key_name": "desafio",
            "latest_version": 1,
            "license_specification": [],
            "maintenance_options": [],
            "metadata_options": [],
            "monitoring": [
              {
                "enabled": true
              }
            ],
            "name": "template_desafio20240127141504125200000001",
            "name_prefix": "template_desafio",
            "network_interfaces": [],
            "placement": [],
            "private_dns_name_options": [],
            "ram_disk_id": "",
            "security_group_names": null,
            "tag_specifications": [],
            "tags": {
              "Name": "desafio"
            },
            "tags_all": {
              "Name": "desafio"
            },
            "update_default_version": null,
            "user_data": "IyEvYmluL2Jhc2gKZWNobyBFQ1NfQ0xVU1RFUj1kZXNhZmlvID4+IC9ldGMvZWNzL2Vjcy5jb25maWc7Cg==",
            "vpc_security_group_ids": [
              "sg-051d6a343210e7621"
            ]
          },
          "sensitive_attributes": [
            [
              {
                "type": "get_attr",
                "value": "image_id"
              }
            ]
          ],
          "private": "bnVsbA==",
          "dependencies": [
            "aws_ecs_cluster.desafio",
            "aws_iam_instance_profile.ecs_node_profile_desafio",
            "aws_iam_role.ecs_node_role_desafio",
            "aws_key_pair.desafio",
            "aws_security_group.ecs_node_desafio",
            "aws_vpc.desafio",
            "data.aws_iam_policy_document.ecs_node_doc",
            "data.aws_ssm_parameter.ecs_node_ami"
          ],
          "create_before_destroy": true
        }
      ]
    },
    {
      "mode": "managed",
      "type": "aws_route53_record",
      "name": "desafio",
      "provider": "provider[\"registry.terraform.io/hashicorp/aws\"]",
      "instances": [
        {
          "schema_version": 2,
          "attributes": {
            "alias": [],
            "allow_overwrite": null,
            "cidr_routing_policy": [],
            "failover_routing_policy": [],
            "fqdn": "desafio-devops.mikek8s.win",
            "geolocation_routing_policy": [],
            "health_check_id": "",
            "id": "Z05349153HHDD6YW21BCD_desafio-devops.mikek8s.win_NS",
            "latency_routing_policy": [],
            "multivalue_answer_routing_policy": false,
            "name": "desafio-devops.mikek8s.win",
            "records": [
              "desafio-2013823905.us-east-1.elb.amazonaws.com"
            ],
            "set_identifier": "",
            "ttl": 300,
            "type": "NS",
            "weighted_routing_policy": [],
            "zone_id": "Z05349153HHDD6YW21BCD"
          },
          "sensitive_attributes": [],
          "private": "eyJzY2hlbWFfdmVyc2lvbiI6IjIifQ==",
          "dependencies": [
            "aws_alb.desafio",
            "aws_route53_zone.desafio",
            "aws_security_group.alb_desafio",
            "aws_subnet.pub_desafio_a",
            "aws_subnet.pub_desafio_b",
            "aws_vpc.desafio"
          ]
        }
      ]
    },
    {
      "mode": "managed",
      "type": "aws_route53_record",
      "name": "record_crt_validation",
      "provider": "provider[\"registry.terraform.io/hashicorp/aws\"]",
      "instances": [
        {
          "schema_version": 2,
          "attributes": {
            "alias": [],
            "allow_overwrite": null,
            "cidr_routing_policy": [],
            "failover_routing_policy": [],
            "fqdn": "_493227db62be57b1aeb4bd94dec41519.mikek8s.win",
            "geolocation_routing_policy": [],
            "health_check_id": "",
            "id": "Z05349153HHDD6YW21BCD__493227db62be57b1aeb4bd94dec41519.mikek8s.win._CNAME",
            "latency_routing_policy": [],
            "multivalue_answer_routing_policy": false,
            "name": "_493227db62be57b1aeb4bd94dec41519.mikek8s.win",
            "records": [
              "_52de6f9c619180a698b19c8a22a18b61.mhbtsbpdnt.acm-validations.aws."
            ],
            "set_identifier": "",
            "ttl": 300,
            "type": "CNAME",
            "weighted_routing_policy": [],
            "zone_id": "Z05349153HHDD6YW21BCD"
          },
          "sensitive_attributes": [],
          "private": "eyJzY2hlbWFfdmVyc2lvbiI6IjIifQ==",
          "dependencies": [
            "aws_acm_certificate.desafio",
            "aws_route53_zone.desafio"
          ]
        }
      ]
    },
    {
      "mode": "managed",
      "type": "aws_route53_zone",
      "name": "desafio",
      "provider": "provider[\"registry.terraform.io/hashicorp/aws\"]",
      "instances": [
        {
          "schema_version": 0,
          "attributes": {
            "arn": "arn:aws:route53:::hostedzone/Z05349153HHDD6YW21BCD",
            "comment": "Managed by Terraform",
            "delegation_set_id": "",
            "force_destroy": false,
            "id": "Z05349153HHDD6YW21BCD",
            "name": "mikek8s.win",
            "name_servers": [
              "ns-1103.awsdns-09.org",
              "ns-1788.awsdns-31.co.uk",
              "ns-383.awsdns-47.com",
              "ns-857.awsdns-43.net"
            ],
            "primary_name_server": "ns-857.awsdns-43.net",
            "tags": {},
            "tags_all": {},
            "vpc": [],
            "zone_id": "Z05349153HHDD6YW21BCD"
          },
          "sensitive_attributes": [],
          "private": "bnVsbA=="
        }
      ]
    },
    {
      "mode": "managed",
      "type": "aws_route_table",
      "name": "pub_desafio",
      "provider": "provider[\"registry.terraform.io/hashicorp/aws\"]",
      "instances": [
        {
          "schema_version": 0,
          "attributes": {
            "arn": "arn:aws:ec2:us-east-1:905418065148:route-table/rtb-0a01275230b402a8c",
            "id": "rtb-0a01275230b402a8c",
            "owner_id": "905418065148",
            "propagating_vgws": [],
            "route": [
              {
                "carrier_gateway_id": "",
                "cidr_block": "0.0.0.0/0",
                "core_network_arn": "",
                "destination_prefix_list_id": "",
                "egress_only_gateway_id": "",
                "gateway_id": "igw-045e0b7e2c6d7d613",
                "ipv6_cidr_block": "",
                "local_gateway_id": "",
                "nat_gateway_id": "",
                "network_interface_id": "",
                "transit_gateway_id": "",
                "vpc_endpoint_id": "",
                "vpc_peering_connection_id": ""
              }
            ],
            "tags": {
              "Name": "pub_devops"
            },
            "tags_all": {
              "Name": "pub_devops"
            },
            "timeouts": null,
            "vpc_id": "vpc-002ae81f1c496f0ca"
          },
          "sensitive_attributes": [],
          "private": "eyJlMmJmYjczMC1lY2FhLTExZTYtOGY4OC0zNDM2M2JjN2M0YzAiOnsiY3JlYXRlIjozMDAwMDAwMDAwMDAsImRlbGV0ZSI6MzAwMDAwMDAwMDAwLCJ1cGRhdGUiOjEyMDAwMDAwMDAwMH19",
          "dependencies": [
            "aws_internet_gateway.desafio",
            "aws_vpc.desafio"
          ]
        }
      ]
    },
    {
      "mode": "managed",
      "type": "aws_route_table_association",
      "name": "pub_desafio_a",
      "provider": "provider[\"registry.terraform.io/hashicorp/aws\"]",
      "instances": [
        {
          "schema_version": 0,
          "attributes": {
            "gateway_id": "",
            "id": "rtbassoc-0f34bb672fd18ad96",
            "route_table_id": "rtb-0a01275230b402a8c",
            "subnet_id": "subnet-01b79ef1833f31ee9",
            "timeouts": null
          },
          "sensitive_attributes": [],
          "private": "eyJlMmJmYjczMC1lY2FhLTExZTYtOGY4OC0zNDM2M2JjN2M0YzAiOnsiY3JlYXRlIjozMDAwMDAwMDAwMDAsImRlbGV0ZSI6MzAwMDAwMDAwMDAwLCJ1cGRhdGUiOjEyMDAwMDAwMDAwMH19",
          "dependencies": [
            "aws_internet_gateway.desafio",
            "aws_route_table.pub_desafio",
            "aws_subnet.pub_desafio_a",
            "aws_vpc.desafio"
          ]
        }
      ]
    },
    {
      "mode": "managed",
      "type": "aws_route_table_association",
      "name": "pub_desafio_b",
      "provider": "provider[\"registry.terraform.io/hashicorp/aws\"]",
      "instances": [
        {
          "schema_version": 0,
          "attributes": {
            "gateway_id": "",
            "id": "rtbassoc-0db5d79332c60f932",
            "route_table_id": "rtb-0a01275230b402a8c",
            "subnet_id": "subnet-085bf66dc9d600a79",
            "timeouts": null
          },
          "sensitive_attributes": [],
          "private": "eyJlMmJmYjczMC1lY2FhLTExZTYtOGY4OC0zNDM2M2JjN2M0YzAiOnsiY3JlYXRlIjozMDAwMDAwMDAwMDAsImRlbGV0ZSI6MzAwMDAwMDAwMDAwLCJ1cGRhdGUiOjEyMDAwMDAwMDAwMH19",
          "dependencies": [
            "aws_internet_gateway.desafio",
            "aws_route_table.pub_desafio",
            "aws_subnet.pub_desafio_b",
            "aws_vpc.desafio"
          ]
        }
      ]
    },
    {
      "mode": "managed",
      "type": "aws_security_group",
      "name": "alb_desafio",
      "provider": "provider[\"registry.terraform.io/hashicorp/aws\"]",
      "instances": [
        {
          "schema_version": 1,
          "attributes": {
            "arn": "arn:aws:ec2:us-east-1:905418065148:security-group/sg-048c0ae0b88b15397",
            "description": "Managed by Terraform",
            "egress": [
              {
                "cidr_blocks": [
                  "0.0.0.0/0"
                ],
                "description": "",
                "from_port": 0,
                "ipv6_cidr_blocks": [],
                "prefix_list_ids": [],
                "protocol": "-1",
                "security_groups": [],
                "self": false,
                "to_port": 0
              }
            ],
            "id": "sg-048c0ae0b88b15397",
            "ingress": [
              {
                "cidr_blocks": [
                  "0.0.0.0/0"
                ],
                "description": "",
                "from_port": 443,
                "ipv6_cidr_blocks": [],
                "prefix_list_ids": [],
                "protocol": "tcp",
                "security_groups": [],
                "self": false,
                "to_port": 443
              }
            ],
            "name": "alb_desafio",
            "name_prefix": "",
            "owner_id": "905418065148",
            "revoke_rules_on_delete": false,
            "tags": {
              "Name": "alb_desafio"
            },
            "tags_all": {
              "Name": "alb_desafio"
            },
            "timeouts": null,
            "vpc_id": "vpc-002ae81f1c496f0ca"
          },
          "sensitive_attributes": [],
          "private": "eyJlMmJmYjczMC1lY2FhLTExZTYtOGY4OC0zNDM2M2JjN2M0YzAiOnsiY3JlYXRlIjo2MDAwMDAwMDAwMDAsImRlbGV0ZSI6OTAwMDAwMDAwMDAwfSwic2NoZW1hX3ZlcnNpb24iOiIxIn0=",
          "dependencies": [
            "aws_vpc.desafio"
          ]
        }
      ]
    },
    {
      "mode": "managed",
      "type": "aws_security_group",
      "name": "ecs_node_desafio",
      "provider": "provider[\"registry.terraform.io/hashicorp/aws\"]",
      "instances": [
        {
          "schema_version": 1,
          "attributes": {
            "arn": "arn:aws:ec2:us-east-1:905418065148:security-group/sg-051d6a343210e7621",
            "description": "Managed by Terraform",
            "egress": [
              {
                "cidr_blocks": [
                  "0.0.0.0/0"
                ],
                "description": "",
                "from_port": 0,
                "ipv6_cidr_blocks": [],
                "prefix_list_ids": [],
                "protocol": "tcp",
                "security_groups": [],
                "self": false,
                "to_port": 65535
              }
            ],
            "id": "sg-051d6a343210e7621",
            "ingress": [],
            "name": "ecs_node_desafio",
            "name_prefix": "",
            "owner_id": "905418065148",
            "revoke_rules_on_delete": false,
            "tags": {
              "Name": "ecs_node_desafio"
            },
            "tags_all": {
              "Name": "ecs_node_desafio"
            },
            "timeouts": null,
            "vpc_id": "vpc-002ae81f1c496f0ca"
          },
          "sensitive_attributes": [],
          "private": "eyJlMmJmYjczMC1lY2FhLTExZTYtOGY4OC0zNDM2M2JjN2M0YzAiOnsiY3JlYXRlIjo2MDAwMDAwMDAwMDAsImRlbGV0ZSI6OTAwMDAwMDAwMDAwfSwic2NoZW1hX3ZlcnNpb24iOiIxIn0=",
          "dependencies": [
            "aws_vpc.desafio"
          ],
          "create_before_destroy": true
        }
      ]
    },
    {
      "mode": "managed",
      "type": "aws_security_group",
      "name": "ecs_task_desafio",
      "provider": "provider[\"registry.terraform.io/hashicorp/aws\"]",
      "instances": [
        {
          "schema_version": 1,
          "attributes": {
            "arn": "arn:aws:ec2:us-east-1:905418065148:security-group/sg-070b5f755806eef98",
            "description": "Managed by Terraform",
            "egress": [
              {
                "cidr_blocks": [
                  "0.0.0.0/0"
                ],
                "description": "",
                "from_port": 0,
                "ipv6_cidr_blocks": [],
                "prefix_list_ids": [],
                "protocol": "-1",
                "security_groups": [],
                "self": false,
                "to_port": 0
              }
            ],
            "id": "sg-070b5f755806eef98",
            "ingress": [
              {
                "cidr_blocks": [
                  "192.168.0.0/20"
                ],
                "description": "",
                "from_port": 0,
                "ipv6_cidr_blocks": [],
                "prefix_list_ids": [],
                "protocol": "-1",
                "security_groups": [],
                "self": false,
                "to_port": 0
              }
            ],
            "name": "ecs_task_desafio",
            "name_prefix": "",
            "owner_id": "905418065148",
            "revoke_rules_on_delete": false,
            "tags": {},
            "tags_all": {},
            "timeouts": null,
            "vpc_id": "vpc-002ae81f1c496f0ca"
          },
          "sensitive_attributes": [],
          "private": "eyJlMmJmYjczMC1lY2FhLTExZTYtOGY4OC0zNDM2M2JjN2M0YzAiOnsiY3JlYXRlIjo2MDAwMDAwMDAwMDAsImRlbGV0ZSI6OTAwMDAwMDAwMDAwfSwic2NoZW1hX3ZlcnNpb24iOiIxIn0=",
          "dependencies": [
            "aws_vpc.desafio"
          ]
        }
      ]
    },
    {
      "mode": "managed",
      "type": "aws_subnet",
      "name": "pub_desafio_a",
      "provider": "provider[\"registry.terraform.io/hashicorp/aws\"]",
      "instances": [
        {
          "schema_version": 1,
          "attributes": {
            "arn": "arn:aws:ec2:us-east-1:905418065148:subnet/subnet-01b79ef1833f31ee9",
            "assign_ipv6_address_on_creation": false,
            "availability_zone": "us-east-1a",
            "availability_zone_id": "use1-az1",
            "cidr_block": "192.168.3.0/24",
            "customer_owned_ipv4_pool": "",
            "enable_dns64": false,
            "enable_lni_at_device_index": 0,
            "enable_resource_name_dns_a_record_on_launch": false,
            "enable_resource_name_dns_aaaa_record_on_launch": false,
            "id": "subnet-01b79ef1833f31ee9",
            "ipv6_cidr_block": "",
            "ipv6_cidr_block_association_id": "",
            "ipv6_native": false,
            "map_customer_owned_ip_on_launch": false,
            "map_public_ip_on_launch": true,
            "outpost_arn": "",
            "owner_id": "905418065148",
            "private_dns_hostname_type_on_launch": "ip-name",
            "tags": {
              "Name": "pub_desafio_a"
            },
            "tags_all": {
              "Name": "pub_desafio_a"
            },
            "timeouts": null,
            "vpc_id": "vpc-002ae81f1c496f0ca"
          },
          "sensitive_attributes": [],
          "private": "eyJlMmJmYjczMC1lY2FhLTExZTYtOGY4OC0zNDM2M2JjN2M0YzAiOnsiY3JlYXRlIjo2MDAwMDAwMDAwMDAsImRlbGV0ZSI6MTIwMDAwMDAwMDAwMH0sInNjaGVtYV92ZXJzaW9uIjoiMSJ9",
          "dependencies": [
            "aws_vpc.desafio"
          ],
          "create_before_destroy": true
        }
      ]
    },
    {
      "mode": "managed",
      "type": "aws_subnet",
      "name": "pub_desafio_b",
      "provider": "provider[\"registry.terraform.io/hashicorp/aws\"]",
      "instances": [
        {
          "schema_version": 1,
          "attributes": {
            "arn": "arn:aws:ec2:us-east-1:905418065148:subnet/subnet-085bf66dc9d600a79",
            "assign_ipv6_address_on_creation": false,
            "availability_zone": "us-east-1b",
            "availability_zone_id": "use1-az2",
            "cidr_block": "192.168.4.0/24",
            "customer_owned_ipv4_pool": "",
            "enable_dns64": false,
            "enable_lni_at_device_index": 0,
            "enable_resource_name_dns_a_record_on_launch": false,
            "enable_resource_name_dns_aaaa_record_on_launch": false,
            "id": "subnet-085bf66dc9d600a79",
            "ipv6_cidr_block": "",
            "ipv6_cidr_block_association_id": "",
            "ipv6_native": false,
            "map_customer_owned_ip_on_launch": false,
            "map_public_ip_on_launch": true,
            "outpost_arn": "",
            "owner_id": "905418065148",
            "private_dns_hostname_type_on_launch": "ip-name",
            "tags": {
              "Name": "pub_desafio_b"
            },
            "tags_all": {
              "Name": "pub_desafio_b"
            },
            "timeouts": null,
            "vpc_id": "vpc-002ae81f1c496f0ca"
          },
          "sensitive_attributes": [],
          "private": "eyJlMmJmYjczMC1lY2FhLTExZTYtOGY4OC0zNDM2M2JjN2M0YzAiOnsiY3JlYXRlIjo2MDAwMDAwMDAwMDAsImRlbGV0ZSI6MTIwMDAwMDAwMDAwMH0sInNjaGVtYV92ZXJzaW9uIjoiMSJ9",
          "dependencies": [
            "aws_vpc.desafio"
          ],
          "create_before_destroy": true
        }
      ]
    },
    {
      "mode": "managed",
      "type": "aws_vpc",
      "name": "desafio",
      "provider": "provider[\"registry.terraform.io/hashicorp/aws\"]",
      "instances": [
        {
          "schema_version": 1,
          "attributes": {
            "arn": "arn:aws:ec2:us-east-1:905418065148:vpc/vpc-002ae81f1c496f0ca",
            "assign_generated_ipv6_cidr_block": false,
            "cidr_block": "192.168.0.0/20",
            "default_network_acl_id": "acl-015e2ae25c3508883",
            "default_route_table_id": "rtb-0c10cd88ccb018590",
            "default_security_group_id": "sg-0b890615039296e7f",
            "dhcp_options_id": "dopt-0fe190827f980cc7f",
            "enable_dns_hostnames": true,
            "enable_dns_support": true,
            "enable_network_address_usage_metrics": false,
            "id": "vpc-002ae81f1c496f0ca",
            "instance_tenancy": "default",
            "ipv4_ipam_pool_id": null,
            "ipv4_netmask_length": null,
            "ipv6_association_id": "",
            "ipv6_cidr_block": "",
            "ipv6_cidr_block_network_border_group": "",
            "ipv6_ipam_pool_id": "",
            "ipv6_netmask_length": 0,
            "main_route_table_id": "rtb-0c10cd88ccb018590",
            "owner_id": "905418065148",
            "tags": {
              "Name": "desafio-devops"
            },
            "tags_all": {
              "Name": "desafio-devops"
            }
          },
          "sensitive_attributes": [],
          "private": "eyJzY2hlbWFfdmVyc2lvbiI6IjEifQ==",
          "create_before_destroy": true
        }
      ]
    },
    {
      "mode": "managed",
      "type": "null_resource",
      "name": "docker_desafio",
      "provider": "provider[\"registry.terraform.io/hashicorp/null\"]",
      "instances": [
        {
          "schema_version": 0,
          "attributes": {
            "id": "4335991618316811073",
            "triggers": {
              "run_at": "2024-01-27T14:15:02Z"
            }
          },
          "sensitive_attributes": [],
          "dependencies": [
            "aws_ecr_repository.desafio",
            "data.aws_caller_identity.current"
          ]
        }
      ]
    }
  ],
  "check_results": null
}
